PODS:
  - Flutter (1.0.0)
  - integration_test (0.0.1):
    - Flutter
  - toggle_text_animated (0.0.1):
    - Flutter

DEPENDENCIES:
  - Flutter (from `Flutter`)
  - integration_test (from `.symlinks/plugins/integration_test/ios`)
  - toggle_text_animated (from `.symlinks/plugins/toggle_text_animated/ios`)

EXTERNAL SOURCES:
  Flutter:
    :path: Flutter
  integration_test:
    :path: ".symlinks/plugins/integration_test/ios"
  toggle_text_animated:
    :path: ".symlinks/plugins/toggle_text_animated/ios"

SPEC CHECKSUMS:
  Flutter: f04841e97a9d0b0a8025694d0796dd46242b2854
  integration_test: 13825b8a9334a850581300559b8839134b124670
  toggle_text_animated: 077393d1906d629f2416df7a23b641408e91734d

PODFILE CHECKSUM: 70d9d25280d0dd177a5f637cdb0f0b0b12c6a189

COCOAPODS: 1.12.1
